// !$*UTF8*$!
{
	archiveVersion = 1;
	classes = {
	};
	objectVersion = 50;
	objects = {

/* Begin PBXBuildFile section */
		1930B7A722157BAB003F7323 /* main.c in Sources */ = {isa = PBXBuildFile; fileRef = 1930B7A622157BAB003F7323 /* main.c */; };
		1930B7AF22157E23003F7323 /* ZWList.c in Sources */ = {isa = PBXBuildFile; fileRef = 1930B7AE22157E23003F7323 /* ZWList.c */; };
		199902EC224398C700D96E2D /* LTable.c in Sources */ = {isa = PBXBuildFile; fileRef = 199902EB224398C700D96E2D /* LTable.c */; };
		19E8FAD4222F629B00815551 /* ZWStack.c in Sources */ = {isa = PBXBuildFile; fileRef = 19E8FAD3222F629B00815551 /* ZWStack.c */; };
		19E8FAD7222F661100815551 /* ZWQueue.c in Sources */ = {isa = PBXBuildFile; fileRef = 19E8FAD6222F661100815551 /* ZWQueue.c */; };
/* End PBXBuildFile section */

/* Begin PBXCopyFilesBuildPhase section */
		1930B7A122157BAB003F7323 /* CopyFiles */ = {
			isa = PBXCopyFilesBuildPhase;
			buildActionMask = 2147483647;
			dstPath = /usr/share/man/man1/;
			dstSubfolderSpec = 0;
			files = (
			);
			runOnlyForDeploymentPostprocessing = 1;
		};
/* End PBXCopyFilesBuildPhase section */

/* Begin PBXFileReference section */
		1930B7A322157BAB003F7323 /* DS */ = {isa = PBXFileReference; explicitFileType = "compiled.mach-o.executable"; includeInIndex = 0; path = DS; sourceTree = BUILT_PRODUCTS_DIR; };
		1930B7A622157BAB003F7323 /* main.c */ = {isa = PBXFileReference; lastKnownFileType = sourcecode.c.c; path = main.c; sourceTree = "<group>"; };
		1930B7AD22157E0A003F7323 /* ZWList.h */ = {isa = PBXFileReference; lastKnownFileType = sourcecode.c.h; path = ZWList.h; sourceTree = "<group>"; };
		1930B7AE22157E23003F7323 /* ZWList.c */ = {isa = PBXFileReference; lastKnownFileType = sourcecode.c.c; path = ZWList.c; sourceTree = "<group>"; };
		199902EA224398C700D96E2D /* LTable.h */ = {isa = PBXFileReference; lastKnownFileType = sourcecode.c.h; path = LTable.h; sourceTree = "<group>"; };
		199902EB224398C700D96E2D /* LTable.c */ = {isa = PBXFileReference; lastKnownFileType = sourcecode.c.c; path = LTable.c; sourceTree = "<group>"; };
		19E8FAD2222F628D00815551 /* ZWStack.h */ = {isa = PBXFileReference; lastKnownFileType = sourcecode.c.h; path = ZWStack.h; sourceTree = "<group>"; };
		19E8FAD3222F629B00815551 /* ZWStack.c */ = {isa = PBXFileReference; lastKnownFileType = sourcecode.c.c; path = ZWStack.c; sourceTree = "<group>"; };
		19E8FAD5222F661100815551 /* ZWQueue.h */ = {isa = PBXFileReference; lastKnownFileType = sourcecode.c.h; path = ZWQueue.h; sourceTree = "<group>"; };
		19E8FAD6222F661100815551 /* ZWQueue.c */ = {isa = PBXFileReference; lastKnownFileType = sourcecode.c.c; path = ZWQueue.c; sourceTree = "<group>"; };
/* End PBXFileReference section */

/* Begin PBXFrameworksBuildPhase section */
		1930B7A022157BAB003F7323 /* Frameworks */ = {
			isa = PBXFrameworksBuildPhase;
			buildActionMask = 2147483647;
			files = (
			);
			runOnlyForDeploymentPostprocessing = 0;
		};
/* End PBXFrameworksBuildPhase section */

/* Begin PBXGroup section */
		1930B79A22157BAB003F7323 = {
			isa = PBXGroup;
			children = (
				1930B7A522157BAB003F7323 /* DS */,
				1930B7A422157BAB003F7323 /* Products */,
			);
			sourceTree = "<group>";
		};
		1930B7A422157BAB003F7323 /* Products */ = {
			isa = PBXGroup;
			children = (
				1930B7A322157BAB003F7323 /* DS */,
			);
			name = Products;
			sourceTree = "<group>";
		};
		1930B7A522157BAB003F7323 /* DS */ = {
			isa = PBXGroup;
			children = (
				199902E82243987000D96E2D /* WK */,
				199902E72243986600D96E2D /* BK */,
			);
			path = DS;
			sourceTree = "<group>";
		};
		199902E72243986600D96E2D /* BK */ = {
			isa = PBXGroup;
			children = (
				1930B7AD22157E0A003F7323 /* ZWList.h */,
				1930B7AE22157E23003F7323 /* ZWList.c */,
				19E8FAD2222F628D00815551 /* ZWStack.h */,
				19E8FAD3222F629B00815551 /* ZWStack.c */,
				19E8FAD5222F661100815551 /* ZWQueue.h */,
				19E8FAD6222F661100815551 /* ZWQueue.c */,
			);
			path = BK;
			sourceTree = "<group>";
		};
		199902E82243987000D96E2D /* WK */ = {
			isa = PBXGroup;
			children = (
				1930B7A622157BAB003F7323 /* main.c */,
				199902E92243987900D96E2D /* LTable */,
			);
			path = WK;
			sourceTree = "<group>";
		};
		199902E92243987900D96E2D /* LTable */ = {
			isa = PBXGroup;
			children = (
				199902EA224398C700D96E2D /* LTable.h */,
				199902EB224398C700D96E2D /* LTable.c */,
			);
			path = LTable;
			sourceTree = "<group>";
		};
/* End PBXGroup section */

/* Begin PBXNativeTarget section */
		1930B7A222157BAB003F7323 /* DS */ = {
			isa = PBXNativeTarget;
			buildConfigurationList = 1930B7AA22157BAB003F7323 /* Build configuration list for PBXNativeTarget "DS" */;
			buildPhases = (
				1930B79F22157BAB003F7323 /* Sources */,
				1930B7A022157BAB003F7323 /* Frameworks */,
				1930B7A122157BAB003F7323 /* CopyFiles */,
			);
			buildRules = (
			);
			dependencies = (
			);
			name = DS;
			productName = DS;
			productReference = 1930B7A322157BAB003F7323 /* DS */;
			productType = "com.apple.product-type.tool";
		};
/* End PBXNativeTarget section */

/* Begin PBXProject section */
		1930B79B22157BAB003F7323 /* Project object */ = {
			isa = PBXProject;
			attributes = {
				LastUpgradeCheck = 1010;
				ORGANIZATIONNAME = tiger;
				TargetAttributes = {
					1930B7A222157BAB003F7323 = {
						CreatedOnToolsVersion = 10.1;
					};
				};
			};
			buildConfigurationList = 1930B79E22157BAB003F7323 /* Build configuration list for PBXProject "DS" */;
			compatibilityVersion = "Xcode 9.3";
			developmentRegion = en;
			hasScannedForEncodings = 0;
			knownRegions = (
				en,
			);
			mainGroup = 1930B79A22157BAB003F7323;
			productRefGroup = 1930B7A422157BAB003F7323 /* Products */;
			projectDirPath = "";
			projectRoot = "";
			targets = (
				1930B7A222157BAB003F7323 /* DS */,
			);
		};
/* End PBXProject section */

/* Begin PBXSourcesBuildPhase section */
		1930B79F22157BAB003F7323 /* Sources */ = {
			isa = PBXSourcesBuildPhase;
			buildActionMask = 2147483647;
			files = (
				19E8FAD7222F661100815551 /* ZWQueue.c in Sources */,
				19E8FAD4222F629B00815551 /* ZWStack.c in Sources */,
				199902EC224398C700D96E2D /* LTable.c in Sources */,
				1930B7AF22157E23003F7323 /* ZWList.c in Sources */,
				1930B7A722157BAB003F7323 /* main.c in Sources */,
			);
			runOnlyForDeploymentPostprocessing = 0;
		};
/* End PBXSourcesBuildPhase section */

/* Begin XCBuildConfiguration section */
		1930B7A822157BAB003F7323 /* Debug */ = {
			isa = XCBuildConfiguration;
			buildSettings = {
				ALWAYS_SEARCH_USER_PATHS = NO;
				CLANG_ANALYZER_NONNULL = YES;
				CLANG_ANALYZER_NUMBER_OBJECT_CONVERSION = YES_AGGRESSIVE;
				CLANG_CXX_LANGUAGE_STANDARD = "gnu++14";
				CLANG_CXX_LIBRARY = "libc++";
				CLANG_ENABLE_MODULES = YES;
				CLANG_ENABLE_OBJC_ARC = YES;
				CLANG_ENABLE_OBJC_WEAK = YES;
				CLANG_WARN_BLOCK_CAPTURE_AUTORELEASING = YES;
				CLANG_WARN_BOOL_CONVERSION = YES;
				CLANG_WARN_COMMA = YES;
				CLANG_WARN_CONSTANT_CONVERSION = YES;
				CLANG_WARN_DEPRECATED_OBJC_IMPLEMENTATIONS = YES;
				CLANG_WARN_DIRECT_OBJC_ISA_USAGE = YES_ERROR;
				CLANG_WARN_DOCUMENTATION_COMMENTS = YES;
				CLANG_WARN_EMPTY_BODY = YES;
				CLANG_WARN_ENUM_CONVERSION = YES;
				CLANG_WARN_INFINITE_RECURSION = YES;
				CLANG_WARN_INT_CONVERSION = YES;
				CLANG_WARN_NON_LITERAL_NULL_CONVERSION = YES;
				CLANG_WARN_OBJC_IMPLICIT_RETAIN_SELF = YES;
				CLANG_WARN_OBJC_LITERAL_CONVERSION = YES;
				CLANG_WARN_OBJC_ROOT_CLASS = YES_ERROR;
				CLANG_WARN_RANGE_LOOP_ANALYSIS = YES;
				CLANG_WARN_STRICT_PROTOTYPES = YES;
				CLANG_WARN_SUSPICIOUS_MOVE = YES;
				CLANG_WARN_UNGUARDED_AVAILABILITY = YES_AGGRESSIVE;
				CLANG_WARN_UNREACHABLE_CODE = YES;
				CLANG_WARN__DUPLICATE_METHOD_MATCH = YES;
				CODE_SIGN_IDENTITY = "Mac Developer";
				COPY_PHASE_STRIP = NO;
				DEBUG_INFORMATION_FORMAT = dwarf;
				ENABLE_STRICT_OBJC_MSGSEND = YES;
				ENABLE_TESTABILITY = YES;
				GCC_C_LANGUAGE_STANDARD = gnu11;
				GCC_DYNAMIC_NO_PIC = NO;
				GCC_NO_COMMON_BLOCKS = YES;
				GCC_OPTIMIZATION_LEVEL = 0;
				GCC_PREPROCESSOR_DEFINITIONS = (
					"DEBUG=1",
					"$(inherited)",
				);
				GCC_WARN_64_TO_32_BIT_CONVERSION = YES;
				GCC_WARN_ABOUT_RETURN_TYPE = YES_ERROR;
				GCC_WARN_UNDECLARED_SELECTOR = YES;
				GCC_WARN_UNINITIALIZED_AUTOS = YES_AGGRESSIVE;
				GCC_WARN_UNUSED_FUNCTION = YES;
				GCC_WARN_UNUSED_VARIABLE = YES;
				MACOSX_DEPLOYMENT_TARGET = 10.13;
				MTL_ENABLE_DEBUG_INFO = INCLUDE_SOURCE;
				MTL_FAST_MATH = YES;
				ONLY_ACTIVE_ARCH = YES;
				SDKROOT = macosx;
			};
			name = Debug;
		};
		1930B7A922157BAB003F7323 /* Release */ = {
			isa = XCBuildConfiguration;
			buildSettings = {
				ALWAYS_SEARCH_USER_PATHS = NO;
				CLANG_ANALYZER_NONNULL = YES;
				CLANG_ANALYZER_NUMBER_OBJECT_CONVERSION = YES_AGGRESSIVE;
				CLANG_CXX_LANGUAGE_STANDARD = "gnu++14";
				CLANG_CXX_LIBRARY = "libc++";
				CLANG_ENABLE_MODULES = YES;
				CLANG_ENABLE_OBJC_ARC = YES;
				CLANG_ENABLE_OBJC_WEAK = YES;
				CLANG_WARN_BLOCK_CAPTURE_AUTORELEASING = YES;
				CLANG_WARN_BOOL_CONVERSION = YES;
				CLANG_WARN_COMMA = YES;
				CLANG_WARN_CONSTANT_CONVERSION = YES;
				CLANG_WARN_DEPRECATED_OBJC_IMPLEMENTATIONS = YES;
				CLANG_WARN_DIRECT_OBJC_ISA_USAGE = YES_ERROR;
				CLANG_WARN_DOCUMENTATION_COMMENTS = YES;
				CLANG_WARN_EMPTY_BODY = YES;
				CLANG_WARN_ENUM_CONVERSION = YES;
				CLANG_WARN_INFINITE_RECURSION = YES;
				CLANG_WARN_INT_CONVERSION = YES;
				CLANG_WARN_NON_LITERAL_NULL_CONVERSION = YES;
				CLANG_WARN_OBJC_IMPLICIT_RETAIN_SELF = YES;
				CLANG_WARN_OBJC_LITERAL_CONVERSION = YES;
				CLANG_WARN_OBJC_ROOT_CLASS = YES_ERROR;
				CLANG_WARN_RANGE_LOOP_ANALYSIS = YES;
				CLANG_WARN_STRICT_PROTOTYPES = YES;
				CLANG_WARN_SUSPICIOUS_MOVE = YES;
				CLANG_WARN_UNGUARDED_AVAILABILITY = YES_AGGRESSIVE;
				CLANG_WARN_UNREACHABLE_CODE = YES;
				CLANG_WARN__DUPLICATE_METHOD_MATCH = YES;
				CODE_SIGN_IDENTITY = "Mac Developer";
				COPY_PHASE_STRIP = NO;
				DEBUG_INFORMATION_FORMAT = "dwarf-with-dsym";
				ENABLE_NS_ASSERTIONS = NO;
				ENABLE_STRICT_OBJC_MSGSEND = YES;
				GCC_C_LANGUAGE_STANDARD = gnu11;
				GCC_NO_COMMON_BLOCKS = YES;
				GCC_WARN_64_TO_32_BIT_CONVERSION = YES;
				GCC_WARN_ABOUT_RETURN_TYPE = YES_ERROR;
				GCC_WARN_UNDECLARED_SELECTOR = YES;
				GCC_WARN_UNINITIALIZED_AUTOS = YES_AGGRESSIVE;
				GCC_WARN_UNUSED_FUNCTION = YES;
				GCC_WARN_UNUSED_VARIABLE = YES;
				MACOSX_DEPLOYMENT_TARGET = 10.13;
				MTL_ENABLE_DEBUG_INFO = NO;
				MTL_FAST_MATH = YES;
				SDKROOT = macosx;
			};
			name = Release;
		};
		1930B7AB22157BAB003F7323 /* Debug */ = {
			isa = XCBuildConfiguration;
			buildSettings = {
				CODE_SIGN_STYLE = Automatic;
				DEVELOPMENT_TEAM = V973TY4SQ9;
				PRODUCT_NAME = "$(TARGET_NAME)";
			};
			name = Debug;
		};
		1930B7AC22157BAB003F7323 /* Release */ = {
			isa = XCBuildConfiguration;
			buildSettings = {
				CODE_SIGN_STYLE = Automatic;
				DEVELOPMENT_TEAM = V973TY4SQ9;
				PRODUCT_NAME = "$(TARGET_NAME)";
			};
			name = Release;
		};
/* End XCBuildConfiguration section */

/* Begin XCConfigurationList section */
		1930B79E22157BAB003F7323 /* Build configuration list for PBXProject "DS" */ = {
			isa = XCConfigurationList;
			buildConfigurations = (
				1930B7A822157BAB003F7323 /* Debug */,
				1930B7A922157BAB003F7323 /* Release */,
			);
			defaultConfigurationIsVisible = 0;
			defaultConfigurationName = Release;
		};
		1930B7AA22157BAB003F7323 /* Build configuration list for PBXNativeTarget "DS" */ = {
			isa = XCConfigurationList;
			buildConfigurations = (
				1930B7AB22157BAB003F7323 /* Debug */,
				1930B7AC22157BAB003F7323 /* Release */,
			);
			defaultConfigurationIsVisible = 0;
			defaultConfigurationName = Release;
		};
/* End XCConfigurationList section */
	};
	rootObject = 1930B79B22157BAB003F7323 /* Project object */;
}
